// !$*UTF8*$!
{
	archiveVersion = 1;
	classes = {
	};
	objectVersion = 56;
	objects = {

/* Begin PBXBuildFile section */
		409A48CD2B6EA2D8001980EA /* JPApexPredatorsApp.swift in Sources */ = {isa = PBXBuildFile; fileRef = 409A48CC2B6EA2D8001980EA /* JPApexPredatorsApp.swift */; };
		409A48CF2B6EA2D8001980EA /* ContentView.swift in Sources */ = {isa = PBXBuildFile; fileRef = 409A48CE2B6EA2D8001980EA /* ContentView.swift */; };
		409A48D12B6EA2DB001980EA /* Assets.xcassets in Resources */ = {isa = PBXBuildFile; fileRef = 409A48D02B6EA2DB001980EA /* Assets.xcassets */; };
		409A48D42B6EA2DB001980EA /* Preview Assets.xcassets in Resources */ = {isa = PBXBuildFile; fileRef = 409A48D32B6EA2DB001980EA /* Preview Assets.xcassets */; };
		409A48DB2B6EA3D8001980EA /* jpapexpredators.json in Resources */ = {isa = PBXBuildFile; fileRef = 409A48DA2B6EA3D8001980EA /* jpapexpredators.json */; };
		409A48DD2B6EA5B4001980EA /* ApexPredator.swift in Sources */ = {isa = PBXBuildFile; fileRef = 409A48DC2B6EA5B4001980EA /* ApexPredator.swift */; };
		409A48DF2B6EB7FA001980EA /* Predators.swift in Sources */ = {isa = PBXBuildFile; fileRef = 409A48DE2B6EB7FA001980EA /* Predators.swift */; };
		409A48E12B763250001980EA /* PredatorDetail.swift in Sources */ = {isa = PBXBuildFile; fileRef = 409A48E02B76324F001980EA /* PredatorDetail.swift */; };
		409A48E32B7FA397001980EA /* PredatorMap.swift in Sources */ = {isa = PBXBuildFile; fileRef = 409A48E22B7FA397001980EA /* PredatorMap.swift */; };
		409A48E92B7FBCF9001980EA /* Stickers.xcassets in Resources */ = {isa = PBXBuildFile; fileRef = 409A48E82B7FBCF9001980EA /* Stickers.xcassets */; };
		409A48ED2B7FBCF9001980EA /* ApexStickers.appex in Embed Foundation Extensions */ = {isa = PBXBuildFile; fileRef = 409A48E62B7FBCF6001980EA /* ApexStickers.appex */; settings = {ATTRIBUTES = (RemoveHeadersOnCopy, ); }; };
/* End PBXBuildFile section */

/* Begin PBXContainerItemProxy section */
		409A48EB2B7FBCF9001980EA /* PBXContainerItemProxy */ = {
			isa = PBXContainerItemProxy;
			containerPortal = 409A48C12B6EA2D8001980EA /* Project object */;
			proxyType = 1;
			remoteGlobalIDString = 409A48E52B7FBCF6001980EA;
			remoteInfo = ApexStickers;
		};
/* End PBXContainerItemProxy section */

/* Begin PBXCopyFilesBuildPhase section */
		409A48F12B7FBCF9001980EA /* Embed Foundation Extensions */ = {
			isa = PBXCopyFilesBuildPhase;
			buildActionMask = 2147483647;
			dstPath = "";
			dstSubfolderSpec = 13;
			files = (
				409A48ED2B7FBCF9001980EA /* ApexStickers.appex in Embed Foundation Extensions */,
			);
			name = "Embed Foundation Extensions";
			runOnlyForDeploymentPostprocessing = 0;
		};
/* End PBXCopyFilesBuildPhase section */

/* Begin PBXFileReference section */
		409A48C92B6EA2D8001980EA /* JPApexPredators.app */ = {isa = PBXFileReference; explicitFileType = wrapper.application; includeInIndex = 0; path = JPApexPredators.app; sourceTree = BUILT_PRODUCTS_DIR; };
		409A48CC2B6EA2D8001980EA /* JPApexPredatorsApp.swift */ = {isa = PBXFileReference; lastKnownFileType = sourcecode.swift; path = JPApexPredatorsApp.swift; sourceTree = "<group>"; };
		409A48CE2B6EA2D8001980EA /* ContentView.swift */ = {isa = PBXFileReference; lastKnownFileType = sourcecode.swift; path = ContentView.swift; sourceTree = "<group>"; };
		409A48D02B6EA2DB001980EA /* Assets.xcassets */ = {isa = PBXFileReference; lastKnownFileType = folder.assetcatalog; path = Assets.xcassets; sourceTree = "<group>"; };
		409A48D32B6EA2DB001980EA /* Preview Assets.xcassets */ = {isa = PBXFileReference; lastKnownFileType = folder.assetcatalog; path = "Preview Assets.xcassets"; sourceTree = "<group>"; };
		409A48DA2B6EA3D8001980EA /* jpapexpredators.json */ = {isa = PBXFileReference; fileEncoding = 4; lastKnownFileType = text.json; name = jpapexpredators.json; path = ../../JP17Resources/jpapexpredators.json; sourceTree = "<group>"; };
		409A48DC2B6EA5B4001980EA /* ApexPredator.swift */ = {isa = PBXFileReference; lastKnownFileType = sourcecode.swift; path = ApexPredator.swift; sourceTree = "<group>"; };
		409A48DE2B6EB7FA001980EA /* Predators.swift */ = {isa = PBXFileReference; lastKnownFileType = sourcecode.swift; path = Predators.swift; sourceTree = "<group>"; };
		409A48E02B76324F001980EA /* PredatorDetail.swift */ = {isa = PBXFileReference; lastKnownFileType = sourcecode.swift; path = PredatorDetail.swift; sourceTree = "<group>"; };
		409A48E22B7FA397001980EA /* PredatorMap.swift */ = {isa = PBXFileReference; lastKnownFileType = sourcecode.swift; path = PredatorMap.swift; sourceTree = "<group>"; };
		409A48E62B7FBCF6001980EA /* ApexStickers.appex */ = {isa = PBXFileReference; explicitFileType = "wrapper.app-extension"; includeInIndex = 0; path = ApexStickers.appex; sourceTree = BUILT_PRODUCTS_DIR; };
		409A48E82B7FBCF9001980EA /* Stickers.xcassets */ = {isa = PBXFileReference; lastKnownFileType = folder.assetcatalog; path = Stickers.xcassets; sourceTree = "<group>"; };
		409A48EA2B7FBCF9001980EA /* Info.plist */ = {isa = PBXFileReference; lastKnownFileType = text.plist.xml; path = Info.plist; sourceTree = "<group>"; };
/* End PBXFileReference section */

/* Begin PBXFrameworksBuildPhase section */
		409A48C62B6EA2D8001980EA /* Frameworks */ = {
			isa = PBXFrameworksBuildPhase;
			buildActionMask = 2147483647;
			files = (
			);
			runOnlyForDeploymentPostprocessing = 0;
		};
/* End PBXFrameworksBuildPhase section */

/* Begin PBXGroup section */
		409A48C02B6EA2D8001980EA = {
			isa = PBXGroup;
			children = (
				409A48CB2B6EA2D8001980EA /* JPApexPredators */,
				409A48E72B7FBCF6001980EA /* ApexStickers */,
				409A48CA2B6EA2D8001980EA /* Products */,
			);
			sourceTree = "<group>";
		};
		409A48CA2B6EA2D8001980EA /* Products */ = {
			isa = PBXGroup;
			children = (
				409A48C92B6EA2D8001980EA /* JPApexPredators.app */,
				409A48E62B7FBCF6001980EA /* ApexStickers.appex */,
			);
			name = Products;
			sourceTree = "<group>";
		};
		409A48CB2B6EA2D8001980EA /* JPApexPredators */ = {
			isa = PBXGroup;
			children = (
				409A48CC2B6EA2D8001980EA /* JPApexPredatorsApp.swift */,
				409A48DA2B6EA3D8001980EA /* jpapexpredators.json */,
				409A48DC2B6EA5B4001980EA /* ApexPredator.swift */,
				409A48DE2B6EB7FA001980EA /* Predators.swift */,
				409A48CE2B6EA2D8001980EA /* ContentView.swift */,
				409A48E02B76324F001980EA /* PredatorDetail.swift */,
				409A48E22B7FA397001980EA /* PredatorMap.swift */,
				409A48D02B6EA2DB001980EA /* Assets.xcassets */,
				409A48D22B6EA2DB001980EA /* Preview Content */,
			);
			path = JPApexPredators;
			sourceTree = "<group>";
		};
		409A48D22B6EA2DB001980EA /* Preview Content */ = {
			isa = PBXGroup;
			children = (
				409A48D32B6EA2DB001980EA /* Preview Assets.xcassets */,
			);
			path = "Preview Content";
			sourceTree = "<group>";
		};
		409A48E72B7FBCF6001980EA /* ApexStickers */ = {
			isa = PBXGroup;
			children = (
				409A48E82B7FBCF9001980EA /* Stickers.xcassets */,
				409A48EA2B7FBCF9001980EA /* Info.plist */,
			);
			path = ApexStickers;
			sourceTree = "<group>";
		};
/* End PBXGroup section */

/* Begin PBXNativeTarget section */
		409A48C82B6EA2D8001980EA /* JPApexPredators */ = {
			isa = PBXNativeTarget;
			buildConfigurationList = 409A48D72B6EA2DB001980EA /* Build configuration list for PBXNativeTarget "JPApexPredators" */;
			buildPhases = (
				409A48C52B6EA2D8001980EA /* Sources */,
				409A48C62B6EA2D8001980EA /* Frameworks */,
				409A48C72B6EA2D8001980EA /* Resources */,
				409A48F12B7FBCF9001980EA /* Embed Foundation Extensions */,
			);
			buildRules = (
			);
			dependencies = (
				409A48EC2B7FBCF9001980EA /* PBXTargetDependency */,
			);
			name = JPApexPredators;
			productName = JPApexPredators;
			productReference = 409A48C92B6EA2D8001980EA /* JPApexPredators.app */;
			productType = "com.apple.product-type.application";
		};
		409A48E52B7FBCF6001980EA /* ApexStickers */ = {
			isa = PBXNativeTarget;
			buildConfigurationList = 409A48EE2B7FBCF9001980EA /* Build configuration list for PBXNativeTarget "ApexStickers" */;
			buildPhases = (
				409A48E42B7FBCF6001980EA /* Resources */,
			);
			buildRules = (
			);
			dependencies = (
			);
			name = ApexStickers;
			productName = ApexStickers;
			productReference = 409A48E62B7FBCF6001980EA /* ApexStickers.appex */;
			productType = "com.apple.product-type.app-extension.messages-sticker-pack";
		};
/* End PBXNativeTarget section */

/* Begin PBXProject section */
		409A48C12B6EA2D8001980EA /* Project object */ = {
			isa = PBXProject;
			attributes = {
				BuildIndependentTargetsInParallel = 1;
				LastSwiftUpdateCheck = 1520;
				LastUpgradeCheck = 1520;
				TargetAttributes = {
					409A48C82B6EA2D8001980EA = {
						CreatedOnToolsVersion = 15.2;
					};
					409A48E52B7FBCF6001980EA = {
						CreatedOnToolsVersion = 15.2;
					};
				};
			};
			buildConfigurationList = 409A48C42B6EA2D8001980EA /* Build configuration list for PBXProject "JPApexPredators" */;
			compatibilityVersion = "Xcode 14.0";
			developmentRegion = en;
			hasScannedForEncodings = 0;
			knownRegions = (
				en,
				Base,
			);
			mainGroup = 409A48C02B6EA2D8001980EA;
			productRefGroup = 409A48CA2B6EA2D8001980EA /* Products */;
			projectDirPath = "";
			projectRoot = "";
			targets = (
				409A48C82B6EA2D8001980EA /* JPApexPredators */,
				409A48E52B7FBCF6001980EA /* ApexStickers */,
			);
		};
/* End PBXProject section */

/* Begin PBXResourcesBuildPhase section */
		409A48C72B6EA2D8001980EA /* Resources */ = {
			isa = PBXResourcesBuildPhase;
			buildActionMask = 2147483647;
			files = (
				409A48D42B6EA2DB001980EA /* Preview Assets.xcassets in Resources */,
				409A48D12B6EA2DB001980EA /* Assets.xcassets in Resources */,
				409A48DB2B6EA3D8001980EA /* jpapexpredators.json in Resources */,
			);
			runOnlyForDeploymentPostprocessing = 0;
		};
		409A48E42B7FBCF6001980EA /* Resources */ = {
			isa = PBXResourcesBuildPhase;
			buildActionMask = 2147483647;
			files = (
				409A48E92B7FBCF9001980EA /* Stickers.xcassets in Resources */,
			);
			runOnlyForDeploymentPostprocessing = 0;
		};
/* End PBXResourcesBuildPhase section */

/* Begin PBXSourcesBuildPhase section */
		409A48C52B6EA2D8001980EA /* Sources */ = {
			isa = PBXSourcesBuildPhase;
			buildActionMask = 2147483647;
			files = (
				409A48DD2B6EA5B4001980EA /* ApexPredator.swift in Sources */,
				409A48E32B7FA397001980EA /* PredatorMap.swift in Sources */,
				409A48CF2B6EA2D8001980EA /* ContentView.swift in Sources */,
				409A48E12B763250001980EA /* PredatorDetail.swift in Sources */,
				409A48DF2B6EB7FA001980EA /* Predators.swift in Sources */,
				409A48CD2B6EA2D8001980EA /* JPApexPredatorsApp.swift in Sources */,
			);
			runOnlyForDeploymentPostprocessing = 0;
		};
/* End PBXSourcesBuildPhase section */

/* Begin PBXTargetDependency section */
		409A48EC2B7FBCF9001980EA /* PBXTargetDependency */ = {
			isa = PBXTargetDependency;
			target = 409A48E52B7FBCF6001980EA /* ApexStickers */;
			targetProxy = 409A48EB2B7FBCF9001980EA /* PBXContainerItemProxy */;
		};
/* End PBXTargetDependency section */

/* Begin XCBuildConfiguration section */
		409A48D52B6EA2DB001980EA /* Debug */ = {
			isa = XCBuildConfiguration;
			buildSettings = {
				ALWAYS_SEARCH_USER_PATHS = NO;
				ASSETCATALOG_COMPILER_GENERATE_SWIFT_ASSET_SYMBOL_EXTENSIONS = YES;
				CLANG_ANALYZER_NONNULL = YES;
				CLANG_ANALYZER_NUMBER_OBJECT_CONVERSION = YES_AGGRESSIVE;
				CLANG_CXX_LANGUAGE_STANDARD = "gnu++20";
				CLANG_ENABLE_MODULES = YES;
				CLANG_ENABLE_OBJC_ARC = YES;
				CLANG_ENABLE_OBJC_WEAK = YES;
				CLANG_WARN_BLOCK_CAPTURE_AUTORELEASING = YES;
				CLANG_WARN_BOOL_CONVERSION = YES;
				CLANG_WARN_COMMA = YES;
				CLANG_WARN_CONSTANT_CONVERSION = YES;
				CLANG_WARN_DEPRECATED_OBJC_IMPLEMENTATIONS = YES;
				CLANG_WARN_DIRECT_OBJC_ISA_USAGE = YES_ERROR;
				CLANG_WARN_DOCUMENTATION_COMMENTS = YES;
				CLANG_WARN_EMPTY_BODY = YES;
				CLANG_WARN_ENUM_CONVERSION = YES;
				CLANG_WARN_INFINITE_RECURSION = YES;
				CLANG_WARN_INT_CONVERSION = YES;
				CLANG_WARN_NON_LITERAL_NULL_CONVERSION = YES;
				CLANG_WARN_OBJC_IMPLICIT_RETAIN_SELF = YES;
				CLANG_WARN_OBJC_LITERAL_CONVERSION = YES;
				CLANG_WARN_OBJC_ROOT_CLASS = YES_ERROR;
				CLANG_WARN_QUOTED_INCLUDE_IN_FRAMEWORK_HEADER = YES;
				CLANG_WARN_RANGE_LOOP_ANALYSIS = YES;
				CLANG_WARN_STRICT_PROTOTYPES = YES;
				CLANG_WARN_SUSPICIOUS_MOVE = YES;
				CLANG_WARN_UNGUARDED_AVAILABILITY = YES_AGGRESSIVE;
				CLANG_WARN_UNREACHABLE_CODE = YES;
				CLANG_WARN__DUPLICATE_METHOD_MATCH = YES;
				COPY_PHASE_STRIP = NO;
				DEBUG_INFORMATION_FORMAT = dwarf;
				ENABLE_STRICT_OBJC_MSGSEND = YES;
				ENABLE_TESTABILITY = YES;
				ENABLE_USER_SCRIPT_SANDBOXING = YES;
				GCC_C_LANGUAGE_STANDARD = gnu17;
				GCC_DYNAMIC_NO_PIC = NO;
				GCC_NO_COMMON_BLOCKS = YES;
				GCC_OPTIMIZATION_LEVEL = 0;
				GCC_PREPROCESSOR_DEFINITIONS = (
					"DEBUG=1",
					"$(inherited)",
				);
				GCC_WARN_64_TO_32_BIT_CONVERSION = YES;
				GCC_WARN_ABOUT_RETURN_TYPE = YES_ERROR;
				GCC_WARN_UNDECLARED_SELECTOR = YES;
				GCC_WARN_UNINITIALIZED_AUTOS = YES_AGGRESSIVE;
				GCC_WARN_UNUSED_FUNCTION = YES;
				GCC_WARN_UNUSED_VARIABLE = YES;
				IPHONEOS_DEPLOYMENT_TARGET = 17.2;
				LOCALIZATION_PREFERS_STRING_CATALOGS = YES;
				MTL_ENABLE_DEBUG_INFO = INCLUDE_SOURCE;
				MTL_FAST_MATH = YES;
				ONLY_ACTIVE_ARCH = YES;
				SDKROOT = iphoneos;
				SWIFT_ACTIVE_COMPILATION_CONDITIONS = "DEBUG $(inherited)";
				SWIFT_OPTIMIZATION_LEVEL = "-Onone";
			};
			name = Debug;
		};
		409A48D62B6EA2DB001980EA /* Release */ = {
			isa = XCBuildConfiguration;
			buildSettings = {
				ALWAYS_SEARCH_USER_PATHS = NO;
				ASSETCATALOG_COMPILER_GENERATE_SWIFT_ASSET_SYMBOL_EXTENSIONS = YES;
				CLANG_ANALYZER_NONNULL = YES;
				CLANG_ANALYZER_NUMBER_OBJECT_CONVERSION = YES_AGGRESSIVE;
				CLANG_CXX_LANGUAGE_STANDARD = "gnu++20";
				CLANG_ENABLE_MODULES = YES;
				CLANG_ENABLE_OBJC_ARC = YES;
				CLANG_ENABLE_OBJC_WEAK = YES;
				CLANG_WARN_BLOCK_CAPTURE_AUTORELEASING = YES;
				CLANG_WARN_BOOL_CONVERSION = YES;
				CLANG_WARN_COMMA = YES;
				CLANG_WARN_CONSTANT_CONVERSION = YES;
				CLANG_WARN_DEPRECATED_OBJC_IMPLEMENTATIONS = YES;
				CLANG_WARN_DIRECT_OBJC_ISA_USAGE = YES_ERROR;
				CLANG_WARN_DOCUMENTATION_COMMENTS = YES;
				CLANG_WARN_EMPTY_BODY = YES;
				CLANG_WARN_ENUM_CONVERSION = YES;
				CLANG_WARN_INFINITE_RECURSION = YES;
				CLANG_WARN_INT_CONVERSION = YES;
				CLANG_WARN_NON_LITERAL_NULL_CONVERSION = YES;
				CLANG_WARN_OBJC_IMPLICIT_RETAIN_SELF = YES;
				CLANG_WARN_OBJC_LITERAL_CONVERSION = YES;
				CLANG_WARN_OBJC_ROOT_CLASS = YES_ERROR;
				CLANG_WARN_QUOTED_INCLUDE_IN_FRAMEWORK_HEADER = YES;
				CLANG_WARN_RANGE_LOOP_ANALYSIS = YES;
				CLANG_WARN_STRICT_PROTOTYPES = YES;
				CLANG_WARN_SUSPICIOUS_MOVE = YES;
				CLANG_WARN_UNGUARDED_AVAILABILITY = YES_AGGRESSIVE;
				CLANG_WARN_UNREACHABLE_CODE = YES;
				CLANG_WARN__DUPLICATE_METHOD_MATCH = YES;
				COPY_PHASE_STRIP = NO;
				DEBUG_INFORMATION_FORMAT = "dwarf-with-dsym";
				ENABLE_NS_ASSERTIONS = NO;
				ENABLE_STRICT_OBJC_MSGSEND = YES;
				ENABLE_USER_SCRIPT_SANDBOXING = YES;
				GCC_C_LANGUAGE_STANDARD = gnu17;
				GCC_NO_COMMON_BLOCKS = YES;
				GCC_WARN_64_TO_32_BIT_CONVERSION = YES;
				GCC_WARN_ABOUT_RETURN_TYPE = YES_ERROR;
				GCC_WARN_UNDECLARED_SELECTOR = YES;
				GCC_WARN_UNINITIALIZED_AUTOS = YES_AGGRESSIVE;
				GCC_WARN_UNUSED_FUNCTION = YES;
				GCC_WARN_UNUSED_VARIABLE = YES;
				IPHONEOS_DEPLOYMENT_TARGET = 17.2;
				LOCALIZATION_PREFERS_STRING_CATALOGS = YES;
				MTL_ENABLE_DEBUG_INFO = NO;
				MTL_FAST_MATH = YES;
				SDKROOT = iphoneos;
				SWIFT_COMPILATION_MODE = wholemodule;
				VALIDATE_PRODUCT = YES;
			};
			name = Release;
		};
		409A48D82B6EA2DB001980EA /* Debug */ = {
			isa = XCBuildConfiguration;
			buildSettings = {
				ASSETCATALOG_COMPILER_APPICON_NAME = AppIcon;
				ASSETCATALOG_COMPILER_GLOBAL_ACCENT_COLOR_NAME = AccentColor;
				CODE_SIGN_STYLE = Automatic;
				CURRENT_PROJECT_VERSION = 1;
				DEVELOPMENT_ASSET_PATHS = "\"JPApexPredators/Preview Content\"";
				DEVELOPMENT_TEAM = 79BT787T5X;
				ENABLE_PREVIEWS = YES;
				GENERATE_INFOPLIST_FILE = YES;
				INFOPLIST_KEY_UIApplicationSceneManifest_Generation = YES;
				INFOPLIST_KEY_UIApplicationSupportsIndirectInputEvents = YES;
				INFOPLIST_KEY_UILaunchScreen_Generation = YES;
				INFOPLIST_KEY_UISupportedInterfaceOrientations_iPad = "UIInterfaceOrientationPortrait UIInterfaceOrientationPortraitUpsideDown UIInterfaceOrientationLandscapeLeft UIInterfaceOrientationLandscapeRight";
				INFOPLIST_KEY_UISupportedInterfaceOrientations_iPhone = "UIInterfaceOrientationPortrait UIInterfaceOrientationLandscapeLeft UIInterfaceOrientationLandscapeRight";
				LD_RUNPATH_SEARCH_PATHS = (
					"$(inherited)",
					"@executable_path/Frameworks",
				);
				MARKETING_VERSION = 1.0;
				PRODUCT_BUNDLE_IDENTIFIER = com.esma.JPApexPredators;
				PRODUCT_NAME = "$(TARGET_NAME)";
				SWIFT_EMIT_LOC_STRINGS = YES;
				SWIFT_VERSION = 5.0;
				TARGETED_DEVICE_FAMILY = "1,2";
			};
			name = Debug;
		};
		409A48D92B6EA2DB001980EA /* Release */ = {
			isa = XCBuildConfiguration;
			buildSettings = {
				ASSETCATALOG_COMPILER_APPICON_NAME = AppIcon;
				ASSETCATALOG_COMPILER_GLOBAL_ACCENT_COLOR_NAME = AccentColor;
				CODE_SIGN_STYLE = Automatic;
				CURRENT_PROJECT_VERSION = 1;
				DEVELOPMENT_ASSET_PATHS = "\"JPApexPredators/Preview Content\"";
				DEVELOPMENT_TEAM = 79BT787T5X;
				ENABLE_PREVIEWS = YES;
				GENERATE_INFOPLIST_FILE = YES;
				INFOPLIST_KEY_UIApplicationSceneManifest_Generation = YES;
				INFOPLIST_KEY_UIApplicationSupportsIndirectInputEvents = YES;
				INFOPLIST_KEY_UILaunchScreen_Generation = YES;
				INFOPLIST_KEY_UISupportedInterfaceOrientations_iPad = "UIInterfaceOrientationPortrait UIInterfaceOrientationPortraitUpsideDown UIInterfaceOrientationLandscapeLeft UIInterfaceOrientationLandscapeRight";
				INFOPLIST_KEY_UISupportedInterfaceOrientations_iPhone = "UIInterfaceOrientationPortrait UIInterfaceOrientationLandscapeLeft UIInterfaceOrientationLandscapeRight";
				LD_RUNPATH_SEARCH_PATHS = (
					"$(inherited)",
					"@executable_path/Frameworks",
				);
				MARKETING_VERSION = 1.0;
				PRODUCT_BUNDLE_IDENTIFIER = com.esma.JPApexPredators;
				PRODUCT_NAME = "$(TARGET_NAME)";
				SWIFT_EMIT_LOC_STRINGS = YES;
				SWIFT_VERSION = 5.0;
				TARGETED_DEVICE_FAMILY = "1,2";
			};
			name = Release;
		};
		409A48EF2B7FBCF9001980EA /* Debug */ = {
			isa = XCBuildConfiguration;
			buildSettings = {
				ASSETCATALOG_COMPILER_APPICON_NAME = "iMessage App Icon";
				CODE_SIGN_STYLE = Automatic;
				CURRENT_PROJECT_VERSION = 1;
				DEVELOPMENT_TEAM = 79BT787T5X;
				GENERATE_INFOPLIST_FILE = YES;
				INFOPLIST_FILE = ApexStickers/Info.plist;
				INFOPLIST_KEY_NSStickerSharingLevel = OS;
				MARKETING_VERSION = 1.0;
				PRODUCT_BUNDLE_IDENTIFIER = com.esma.JPApexPredators.ApexStickers;
				PRODUCT_NAME = "$(TARGET_NAME)";
				SKIP_INSTALL = YES;
				SWIFT_EMIT_LOC_STRINGS = YES;
				TARGETED_DEVICE_FAMILY = "1,2";
			};
			name = Debug;
		};
		409A48F02B7FBCF9001980EA /* Release */ = {
			isa = XCBuildConfiguration;
			buildSettings = {
				ASSETCATALOG_COMPILER_APPICON_NAME = "iMessage App Icon";
				CODE_SIGN_STYLE = Automatic;
				CURRENT_PROJECT_VERSION = 1;
				DEVELOPMENT_TEAM = 79BT787T5X;
				GENERATE_INFOPLIST_FILE = YES;
				INFOPLIST_FILE = ApexStickers/Info.plist;
				INFOPLIST_KEY_NSStickerSharingLevel = OS;
				MARKETING_VERSION = 1.0;
				PRODUCT_BUNDLE_IDENTIFIER = com.esma.JPApexPredators.ApexStickers;
				PRODUCT_NAME = "$(TARGET_NAME)";
				SKIP_INSTALL = YES;
				SWIFT_EMIT_LOC_STRINGS = YES;
				TARGETED_DEVICE_FAMILY = "1,2";
			};
			name = Release;
		};
/* End XCBuildConfiguration section */

/* Begin XCConfigurationList section */
		409A48C42B6EA2D8001980EA /* Build configuration list for PBXProject "JPApexPredators" */ = {
			isa = XCConfigurationList;
			buildConfigurations = (
				409A48D52B6EA2DB001980EA /* Debug */,
				409A48D62B6EA2DB001980EA /* Release */,
			);
			defaultConfigurationIsVisible = 0;
			defaultConfigurationName = Release;
		};
		409A48D72B6EA2DB001980EA /* Build configuration list for PBXNativeTarget "JPApexPredators" */ = {
			isa = XCConfigurationList;
			buildConfigurations = (
				409A48D82B6EA2DB001980EA /* Debug */,
				409A48D92B6EA2DB001980EA /* Release */,
			);
			defaultConfigurationIsVisible = 0;
			defaultConfigurationName = Release;
		};
		409A48EE2B7FBCF9001980EA /* Build configuration list for PBXNativeTarget "ApexStickers" */ = {
			isa = XCConfigurationList;
			buildConfigurations = (
				409A48EF2B7FBCF9001980EA /* Debug */,
				409A48F02B7FBCF9001980EA /* Release */,
			);
			defaultConfigurationIsVisible = 0;
			defaultConfigurationName = Release;
		};
/* End XCConfigurationList section */
	};
	rootObject = 409A48C12B6EA2D8001980EA /* Project object */;
}
